
Microsoft Visual Studio Solution File, Format Version 12.00
# Visual Studio Version 16
VisualStudioVersion = 16.0.29613.14
MinimumVisualStudioVersion = 10.0.40219.1
Project("{FAE04EC0-301F-11D3-BF4B-00C04F79EFBC}") = "LocutaEngine", "LocutaEngine\LocutaEngine.csproj", "{850AAF36-462A-425A-8906-646C04ABB26A}"
EndProject
Global
	GlobalSection(SolutionConfigurationPlatforms) = preSolution
		Debug|Any CPU = Debug|Any CPU
		Release|Any CPU = Release|Any CPU
	EndGlobalSection
	GlobalSection(ProjectConfigurationPlatforms) = postSolution
		{850AAF36-462A-425A-8906-646C04ABB26A}.Debug|Any CPU.ActiveCfg = Debug|Any CPU
		{850AAF36-462A-425A-8906-646C04ABB26A}.Debug|Any CPU.Build.0 = Debug|Any CPU
		{850AAF36-462A-425A-8906-646C04ABB26A}.Release|Any CPU.ActiveCfg = Release|Any CPU
		{850AAF36-462A-425A-8906-646C04ABB26A}.Release|Any CPU.Build.0 = Release|Any CPU
	EndGlobalSection
	GlobalSection(SolutionProperties) = preSolution
		HideSolutionNode = FALSE
	EndGlobalSection
	GlobalSection(ExtensibilityGlobals) = postSolution
		SolutionGuid = {C0EEEA32-2682-4C2C-BAFA-548C905A2612}
	EndGlobalSection
EndGlobal
